
Microsoft Visual Studio Solution File, Format Version 12.00
# Visual Studio 14
VisualStudioVersion = 14.0.23107.0
MinimumVisualStudioVersion = 10.0.40219.1
Project("{2150E333-8FDC-42A3-9474-1A3956D46DE8}") = "Qtree.Sample.Hub", "Qtree.Sample.Hub", "{6DD4A42F-AC58-4C87-B9B7-D20B46166918}"
EndProject
Project("{D954291E-2A0B-460D-934E-DC6B0785DB48}") = "Qtree.Sample.Hub.Shared", "Qtree.Sample.Hub\Qtree.Sample.Hub.Shared\Qtree.Sample.Hub.Shared.shproj", "{49D8C614-4CC6-4554-B173-06069622D132}"
EndProject
Project("{FAE04EC0-301F-11D3-BF4B-00C04F79EFBC}") = "Qtree.Sample.Hub.Windows", "Qtree.Sample.Hub\Qtree.Sample.Hub.Windows\Qtree.Sample.Hub.Windows.csproj", "{B14960B7-4C1F-48D0-98D7-FA4DDCFE25D3}"
EndProject
Project("{FAE04EC0-301F-11D3-BF4B-00C04F79EFBC}") = "Qtree.Sample.Hub.WindowsPhone", "Qtree.Sample.Hub\Qtree.Sample.Hub.WindowsPhone\Qtree.Sample.Hub.WindowsPhone.csproj", "{A6AF958C-8ECF-42F8-9085-F88FDDC7DACF}"
EndProject
Project("{FAE04EC0-301F-11D3-BF4B-00C04F79EFBC}") = "Qtree.Lib", "Qtree.Sample.Hub\Qtree.Lib\Qtree.Lib.csproj", "{27BF5D72-7781-472E-9DCC-D7B3EECFB719}"
EndProject
Global
	GlobalSection(SharedMSBuildProjectFiles) = preSolution
		Qtree.Sample.Hub\Qtree.Sample.Hub.Shared\Qtree.Sample.Hub.Shared.projitems*{a6af958c-8ecf-42f8-9085-f88fddc7dacf}*SharedItemsImports = 4
		Qtree.Sample.Hub\Qtree.Sample.Hub.Shared\Qtree.Sample.Hub.Shared.projitems*{49d8c614-4cc6-4554-b173-06069622d132}*SharedItemsImports = 13
		Qtree.Sample.Hub\Qtree.Sample.Hub.Shared\Qtree.Sample.Hub.Shared.projitems*{b14960b7-4c1f-48d0-98d7-fa4ddcfe25d3}*SharedItemsImports = 4
	EndGlobalSection
	GlobalSection(SolutionConfigurationPlatforms) = preSolution
		Debug|Any CPU = Debug|Any CPU
		Debug|ARM = Debug|ARM
		Debug|x64 = Debug|x64
		Debug|x86 = Debug|x86
		Release|Any CPU = Release|Any CPU
		Release|ARM = Release|ARM
		Release|x64 = Release|x64
		Release|x86 = Release|x86
	EndGlobalSection
	GlobalSection(ProjectConfigurationPlatforms) = postSolution
		{B14960B7-4C1F-48D0-98D7-FA4DDCFE25D3}.Debug|Any CPU.ActiveCfg = Debug|Any CPU
		{B14960B7-4C1F-48D0-98D7-FA4DDCFE25D3}.Debug|Any CPU.Build.0 = Debug|Any CPU
		{B14960B7-4C1F-48D0-98D7-FA4DDCFE25D3}.Debug|Any CPU.Deploy.0 = Debug|Any CPU
		{B14960B7-4C1F-48D0-98D7-FA4DDCFE25D3}.Debug|ARM.ActiveCfg = Debug|ARM
		{B14960B7-4C1F-48D0-98D7-FA4DDCFE25D3}.Debug|ARM.Build.0 = Debug|ARM
		{B14960B7-4C1F-48D0-98D7-FA4DDCFE25D3}.Debug|ARM.Deploy.0 = Debug|ARM
		{B14960B7-4C1F-48D0-98D7-FA4DDCFE25D3}.Debug|x64.ActiveCfg = Debug|x64
		{B14960B7-4C1F-48D0-98D7-FA4DDCFE25D3}.Debug|x64.Build.0 = Debug|x64
		{B14960B7-4C1F-48D0-98D7-FA4DDCFE25D3}.Debug|x64.Deploy.0 = Debug|x64
		{B14960B7-4C1F-48D0-98D7-FA4DDCFE25D3}.Debug|x86.ActiveCfg = Debug|x86
		{B14960B7-4C1F-48D0-98D7-FA4DDCFE25D3}.Debug|x86.Build.0 = Debug|x86
		{B14960B7-4C1F-48D0-98D7-FA4DDCFE25D3}.Debug|x86.Deploy.0 = Debug|x86
		{B14960B7-4C1F-48D0-98D7-FA4DDCFE25D3}.Release|Any CPU.ActiveCfg = Release|Any CPU
		{B14960B7-4C1F-48D0-98D7-FA4DDCFE25D3}.Release|Any CPU.Build.0 = Release|Any CPU
		{B14960B7-4C1F-48D0-98D7-FA4DDCFE25D3}.Release|Any CPU.Deploy.0 = Release|Any CPU
		{B14960B7-4C1F-48D0-98D7-FA4DDCFE25D3}.Release|ARM.ActiveCfg = Release|ARM
		{B14960B7-4C1F-48D0-98D7-FA4DDCFE25D3}.Release|ARM.Build.0 = Release|ARM
		{B14960B7-4C1F-48D0-98D7-FA4DDCFE25D3}.Release|ARM.Deploy.0 = Release|ARM
		{B14960B7-4C1F-48D0-98D7-FA4DDCFE25D3}.Release|x64.ActiveCfg = Release|x64
		{B14960B7-4C1F-48D0-98D7-FA4DDCFE25D3}.Release|x64.Build.0 = Release|x64
		{B14960B7-4C1F-48D0-98D7-FA4DDCFE25D3}.Release|x64.Deploy.0 = Release|x64
		{B14960B7-4C1F-48D0-98D7-FA4DDCFE25D3}.Release|x86.ActiveCfg = Release|x86
		{B14960B7-4C1F-48D0-98D7-FA4DDCFE25D3}.Release|x86.Build.0 = Release|x86
		{B14960B7-4C1F-48D0-98D7-FA4DDCFE25D3}.Release|x86.Deploy.0 = Release|x86
		{A6AF958C-8ECF-42F8-9085-F88FDDC7DACF}.Debug|Any CPU.ActiveCfg = Debug|Any CPU
		{A6AF958C-8ECF-42F8-9085-F88FDDC7DACF}.Debug|Any CPU.Build.0 = Debug|Any CPU
		{A6AF958C-8ECF-42F8-9085-F88FDDC7DACF}.Debug|Any CPU.Deploy.0 = Debug|Any CPU
		{A6AF958C-8ECF-42F8-9085-F88FDDC7DACF}.Debug|ARM.ActiveCfg = Debug|ARM
		{A6AF958C-8ECF-42F8-9085-F88FDDC7DACF}.Debug|ARM.Build.0 = Debug|ARM
		{A6AF958C-8ECF-42F8-9085-F88FDDC7DACF}.Debug|ARM.Deploy.0 = Debug|ARM
		{A6AF958C-8ECF-42F8-9085-F88FDDC7DACF}.Debug|x64.ActiveCfg = Debug|Any CPU
		{A6AF958C-8ECF-42F8-9085-F88FDDC7DACF}.Debug|x64.Build.0 = Debug|Any CPU
		{A6AF958C-8ECF-42F8-9085-F88FDDC7DACF}.Debug|x64.Deploy.0 = Debug|Any CPU
		{A6AF958C-8ECF-42F8-9085-F88FDDC7DACF}.Debug|x86.ActiveCfg = Debug|x86
		{A6AF958C-8ECF-42F8-9085-F88FDDC7DACF}.Debug|x86.Build.0 = Debug|x86
		{A6AF958C-8ECF-42F8-9085-F88FDDC7DACF}.Debug|x86.Deploy.0 = Debug|x86
		{A6AF958C-8ECF-42F8-9085-F88FDDC7DACF}.Release|Any CPU.ActiveCfg = Release|Any CPU
		{A6AF958C-8ECF-42F8-9085-F88FDDC7DACF}.Release|Any CPU.Build.0 = Release|Any CPU
		{A6AF958C-8ECF-42F8-9085-F88FDDC7DACF}.Release|Any CPU.Deploy.0 = Release|Any CPU
		{A6AF958C-8ECF-42F8-9085-F88FDDC7DACF}.Release|ARM.ActiveCfg = Release|ARM
		{A6AF958C-8ECF-42F8-9085-F88FDDC7DACF}.Release|ARM.Build.0 = Release|ARM
		{A6AF958C-8ECF-42F8-9085-F88FDDC7DACF}.Release|ARM.Deploy.0 = Release|ARM
		{A6AF958C-8ECF-42F8-9085-F88FDDC7DACF}.Release|x64.ActiveCfg = Release|Any CPU
		{A6AF958C-8ECF-42F8-9085-F88FDDC7DACF}.Release|x64.Build.0 = Release|Any CPU
		{A6AF958C-8ECF-42F8-9085-F88FDDC7DACF}.Release|x64.Deploy.0 = Release|Any CPU
		{A6AF958C-8ECF-42F8-9085-F88FDDC7DACF}.Release|x86.ActiveCfg = Release|x86
		{A6AF958C-8ECF-42F8-9085-F88FDDC7DACF}.Release|x86.Build.0 = Release|x86
		{A6AF958C-8ECF-42F8-9085-F88FDDC7DACF}.Release|x86.Deploy.0 = Release|x86
		{27BF5D72-7781-472E-9DCC-D7B3EECFB719}.Debug|Any CPU.ActiveCfg = Debug|Any CPU
		{27BF5D72-7781-472E-9DCC-D7B3EECFB719}.Debug|Any CPU.Build.0 = Debug|Any CPU
		{27BF5D72-7781-472E-9DCC-D7B3EECFB719}.Debug|ARM.ActiveCfg = Debug|Any CPU
		{27BF5D72-7781-472E-9DCC-D7B3EECFB719}.Debug|ARM.Build.0 = Debug|Any CPU
		{27BF5D72-7781-472E-9DCC-D7B3EECFB719}.Debug|x64.ActiveCfg = Debug|Any CPU
		{27BF5D72-7781-472E-9DCC-D7B3EECFB719}.Debug|x64.Build.0 = Debug|Any CPU
		{27BF5D72-7781-472E-9DCC-D7B3EECFB719}.Debug|x86.ActiveCfg = Debug|Any CPU
		{27BF5D72-7781-472E-9DCC-D7B3EECFB719}.Debug|x86.Build.0 = Debug|Any CPU
		{27BF5D72-7781-472E-9DCC-D7B3EECFB719}.Release|Any CPU.ActiveCfg = Release|Any CPU
		{27BF5D72-7781-472E-9DCC-D7B3EECFB719}.Release|Any CPU.Build.0 = Release|Any CPU
		{27BF5D72-7781-472E-9DCC-D7B3EECFB719}.Release|ARM.ActiveCfg = Release|Any CPU
		{27BF5D72-7781-472E-9DCC-D7B3EECFB719}.Release|ARM.Build.0 = Release|Any CPU
		{27BF5D72-7781-472E-9DCC-D7B3EECFB719}.Release|x64.ActiveCfg = Release|Any CPU
		{27BF5D72-7781-472E-9DCC-D7B3EECFB719}.Release|x64.Build.0 = Release|Any CPU
		{27BF5D72-7781-472E-9DCC-D7B3EECFB719}.Release|x86.ActiveCfg = Release|Any CPU
		{27BF5D72-7781-472E-9DCC-D7B3EECFB719}.Release|x86.Build.0 = Release|Any CPU
	EndGlobalSection
	GlobalSection(SolutionProperties) = preSolution
		HideSolutionNode = FALSE
	EndGlobalSection
	GlobalSection(NestedProjects) = preSolution
		{49D8C614-4CC6-4554-B173-06069622D132} = {6DD4A42F-AC58-4C87-B9B7-D20B46166918}
		{B14960B7-4C1F-48D0-98D7-FA4DDCFE25D3} = {6DD4A42F-AC58-4C87-B9B7-D20B46166918}
		{A6AF958C-8ECF-42F8-9085-F88FDDC7DACF} = {6DD4A42F-AC58-4C87-B9B7-D20B46166918}
	EndGlobalSection
EndGlobal
